
Microsoft Visual Studio Solution File, Format Version 12.00
# Visual Studio Version 17
VisualStudioVersion = 17.14.36518.9 d17.14
MinimumVisualStudioVersion = 10.0.40219.1
Project("{FAE04EC0-301F-11D3-BF4B-00C04F79EFBC}") = "UP", "UP\UP.csproj", "{7B49B64A-A44B-4844-B5D4-7A753A53E7BA}"
EndProject
Global
	GlobalSection(SolutionConfigurationPlatforms) = preSolution
		Debug|Any CPU = Debug|Any CPU
		Release|Any CPU = Release|Any CPU
	EndGlobalSection
	GlobalSection(ProjectConfigurationPlatforms) = postSolution
		{7B49B64A-A44B-4844-B5D4-7A753A53E7BA}.Debug|Any CPU.ActiveCfg = Debug|Any CPU
		{7B49B64A-A44B-4844-B5D4-7A753A53E7BA}.Debug|Any CPU.Build.0 = Debug|Any CPU
		{7B49B64A-A44B-4844-B5D4-7A753A53E7BA}.Release|Any CPU.ActiveCfg = Release|Any CPU
		{7B49B64A-A44B-4844-B5D4-7A753A53E7BA}.Release|Any CPU.Build.0 = Release|Any CPU
	EndGlobalSection
	GlobalSection(SolutionProperties) = preSolution
		HideSolutionNode = FALSE
	EndGlobalSection
	GlobalSection(ExtensibilityGlobals) = postSolution
		SolutionGuid = {409EA719-5198-47AD-B9F9-5B7D7D6D1583}
	EndGlobalSection
EndGlobal
